<Solution>
  <Folder Name="/src/">
    <Project Path="src/Kiwbi.Application/Kiwbi.Application.csproj" />
    <Project Path="src/Kiwbi.Domain/Kiwbi.Domain.csproj" />
    <Project Path="src/Kiwbi.Infrastructure/Kiwbi.Infrastructure.csproj" />
    <Project Path="src/Kiwbi.Web/Kiwbi.Web.csproj" />
  </Folder>
  <Folder Name="/tests/">
    <Project Path="tests/Kiwbi.Application.Tests/Kiwbi.Application.Tests.csproj" />
    <Project Path="tests/Kiwbi.Domain.Tests/Kiwbi.Domain.Tests.csproj" />
    <Project Path="tests/Kiwbi.Web.Tests/Kiwbi.Web.Tests.csproj" />
  </Folder>
</Solution>
